
Microsoft Visual Studio Solution File, Format Version 12.00
# Visual Studio Version 17
VisualStudioVersion = 17.8.34316.72
MinimumVisualStudioVersion = 10.0.40219.1
Project("{FAE04EC0-301F-11D3-BF4B-00C04F79EFBC}") = "PhotoScanningSystem", "PhotoScanningSystem\PhotoScanningSystem.csproj", "{58FFD14C-9453-4104-9F67-11DFDF29D8B3}"
EndProject
Project("{FAE04EC0-301F-11D3-BF4B-00C04F79EFBC}") = "Repository", "Repository\Repository.csproj", "{3C8C8145-9473-4FA5-BF97-1BF2C0E615E6}"
EndProject
Project("{FAE04EC0-301F-11D3-BF4B-00C04F79EFBC}") = "Service", "Service\Service.csproj", "{C5B07ADC-2782-4DF7-A5D3-1483F98F177D}"
EndProject
Global
	GlobalSection(SolutionConfigurationPlatforms) = preSolution
		Debug|Any CPU = Debug|Any CPU
		Release|Any CPU = Release|Any CPU
	EndGlobalSection
	GlobalSection(ProjectConfigurationPlatforms) = postSolution
		{58FFD14C-9453-4104-9F67-11DFDF29D8B3}.Debug|Any CPU.ActiveCfg = Debug|Any CPU
		{58FFD14C-9453-4104-9F67-11DFDF29D8B3}.Debug|Any CPU.Build.0 = Debug|Any CPU
		{58FFD14C-9453-4104-9F67-11DFDF29D8B3}.Release|Any CPU.ActiveCfg = Release|Any CPU
		{58FFD14C-9453-4104-9F67-11DFDF29D8B3}.Release|Any CPU.Build.0 = Release|Any CPU
		{3C8C8145-9473-4FA5-BF97-1BF2C0E615E6}.Debug|Any CPU.ActiveCfg = Debug|Any CPU
		{3C8C8145-9473-4FA5-BF97-1BF2C0E615E6}.Debug|Any CPU.Build.0 = Debug|Any CPU
		{3C8C8145-9473-4FA5-BF97-1BF2C0E615E6}.Release|Any CPU.ActiveCfg = Release|Any CPU
		{3C8C8145-9473-4FA5-BF97-1BF2C0E615E6}.Release|Any CPU.Build.0 = Release|Any CPU
		{C5B07ADC-2782-4DF7-A5D3-1483F98F177D}.Debug|Any CPU.ActiveCfg = Debug|Any CPU
		{C5B07ADC-2782-4DF7-A5D3-1483F98F177D}.Debug|Any CPU.Build.0 = Debug|Any CPU
		{C5B07ADC-2782-4DF7-A5D3-1483F98F177D}.Release|Any CPU.ActiveCfg = Release|Any CPU
		{C5B07ADC-2782-4DF7-A5D3-1483F98F177D}.Release|Any CPU.Build.0 = Release|Any CPU
	EndGlobalSection
	GlobalSection(SolutionProperties) = preSolution
		HideSolutionNode = FALSE
	EndGlobalSection
	GlobalSection(ExtensibilityGlobals) = postSolution
		SolutionGuid = {F86D8CB3-2CEB-4075-AEBB-97912E808015}
	EndGlobalSection
EndGlobal
